// !$*UTF8*$!
{
	archiveVersion = 1;
	classes = {
	};
	objectVersion = 51;
	objects = {

/* Begin PBXBuildFile section */
		1FA2EB730B496F66E392572A /* Pods_vkCustomClient.framework in Frameworks */ = {isa = PBXBuildFile; fileRef = 09ABBCFA004A42F40EB67B05 /* Pods_vkCustomClient.framework */; };
		EC55625C268C581D004A8CB9 /* LoginService.swift in Sources */ = {isa = PBXBuildFile; fileRef = EC55625B268C581D004A8CB9 /* LoginService.swift */; };
		EC9868DB268C89DC0072AE93 /* Main.storyboard in Resources */ = {isa = PBXBuildFile; fileRef = EC9868DA268C89DC0072AE93 /* Main.storyboard */; };
		EC9868DE268C9A6D0072AE93 /* NewsService.swift in Sources */ = {isa = PBXBuildFile; fileRef = EC9868DD268C9A6D0072AE93 /* NewsService.swift */; };
		EC9868E5268CD8CD0072AE93 /* News.swift in Sources */ = {isa = PBXBuildFile; fileRef = EC9868E4268CD8CD0072AE93 /* News.swift */; };
		ECF906DC268B06C70070E433 /* AppDelegate.swift in Sources */ = {isa = PBXBuildFile; fileRef = ECF906DB268B06C70070E433 /* AppDelegate.swift */; };
		ECF906DE268B06C70070E433 /* SceneDelegate.swift in Sources */ = {isa = PBXBuildFile; fileRef = ECF906DD268B06C70070E433 /* SceneDelegate.swift */; };
		ECF906E0268B06C70070E433 /* LoginViewController.swift in Sources */ = {isa = PBXBuildFile; fileRef = ECF906DF268B06C70070E433 /* LoginViewController.swift */; };
		ECF906E5268B06C90070E433 /* Assets.xcassets in Resources */ = {isa = PBXBuildFile; fileRef = ECF906E4268B06C90070E433 /* Assets.xcassets */; };
		ECF906E8268B06C90070E433 /* LaunchScreen.storyboard in Resources */ = {isa = PBXBuildFile; fileRef = ECF906E6268B06C90070E433 /* LaunchScreen.storyboard */; };
		ECF906F4268B1DF50070E433 /* TabBar.storyboard in Resources */ = {isa = PBXBuildFile; fileRef = ECF906F3268B1DF50070E433 /* TabBar.storyboard */; };
		ECF906F6268B1E370070E433 /* TabBarViewController.swift in Sources */ = {isa = PBXBuildFile; fileRef = ECF906F5268B1E370070E433 /* TabBarViewController.swift */; };
		ECF906FA268B21770070E433 /* NewsViewController.swift in Sources */ = {isa = PBXBuildFile; fileRef = ECF906F9268B21770070E433 /* NewsViewController.swift */; };
/* End PBXBuildFile section */

/* Begin PBXFileReference section */
		09ABBCFA004A42F40EB67B05 /* Pods_vkCustomClient.framework */ = {isa = PBXFileReference; explicitFileType = wrapper.framework; includeInIndex = 0; path = Pods_vkCustomClient.framework; sourceTree = BUILT_PRODUCTS_DIR; };
		BBD6254630F7D0544A695B09 /* Pods-vkCustomClient.debug.xcconfig */ = {isa = PBXFileReference; includeInIndex = 1; lastKnownFileType = text.xcconfig; name = "Pods-vkCustomClient.debug.xcconfig"; path = "Target Support Files/Pods-vkCustomClient/Pods-vkCustomClient.debug.xcconfig"; sourceTree = "<group>"; };
		EC55625B268C581D004A8CB9 /* LoginService.swift */ = {isa = PBXFileReference; lastKnownFileType = sourcecode.swift; path = LoginService.swift; sourceTree = "<group>"; };
		EC9868DA268C89DC0072AE93 /* Main.storyboard */ = {isa = PBXFileReference; fileEncoding = 4; lastKnownFileType = file.storyboard; name = Main.storyboard; path = "../../../../../../../Library/Mobile Documents/com~apple~CloudDocs/.Trash/Main.storyboard"; sourceTree = "<group>"; };
		EC9868DD268C9A6D0072AE93 /* NewsService.swift */ = {isa = PBXFileReference; lastKnownFileType = sourcecode.swift; path = NewsService.swift; sourceTree = "<group>"; };
		EC9868E4268CD8CD0072AE93 /* News.swift */ = {isa = PBXFileReference; lastKnownFileType = sourcecode.swift; path = News.swift; sourceTree = "<group>"; };
		ECF906D8268B06C70070E433 /* vkCustomClient.app */ = {isa = PBXFileReference; explicitFileType = wrapper.application; includeInIndex = 0; path = vkCustomClient.app; sourceTree = BUILT_PRODUCTS_DIR; };
		ECF906DB268B06C70070E433 /* AppDelegate.swift */ = {isa = PBXFileReference; lastKnownFileType = sourcecode.swift; path = AppDelegate.swift; sourceTree = "<group>"; };
		ECF906DD268B06C70070E433 /* SceneDelegate.swift */ = {isa = PBXFileReference; lastKnownFileType = sourcecode.swift; path = SceneDelegate.swift; sourceTree = "<group>"; };
		ECF906DF268B06C70070E433 /* LoginViewController.swift */ = {isa = PBXFileReference; lastKnownFileType = sourcecode.swift; path = LoginViewController.swift; sourceTree = "<group>"; };
		ECF906E4268B06C90070E433 /* Assets.xcassets */ = {isa = PBXFileReference; lastKnownFileType = folder.assetcatalog; path = Assets.xcassets; sourceTree = "<group>"; };
		ECF906E7268B06C90070E433 /* Base */ = {isa = PBXFileReference; lastKnownFileType = file.storyboard; name = Base; path = Base.lproj/LaunchScreen.storyboard; sourceTree = "<group>"; };
		ECF906E9268B06C90070E433 /* Info.plist */ = {isa = PBXFileReference; lastKnownFileType = text.plist.xml; path = Info.plist; sourceTree = "<group>"; };
		ECF906F3268B1DF50070E433 /* TabBar.storyboard */ = {isa = PBXFileReference; lastKnownFileType = file.storyboard; path = TabBar.storyboard; sourceTree = "<group>"; };
		ECF906F5268B1E370070E433 /* TabBarViewController.swift */ = {isa = PBXFileReference; lastKnownFileType = sourcecode.swift; path = TabBarViewController.swift; sourceTree = "<group>"; };
		ECF906F9268B21770070E433 /* NewsViewController.swift */ = {isa = PBXFileReference; lastKnownFileType = sourcecode.swift; path = NewsViewController.swift; sourceTree = "<group>"; };
		FBD92C8DA4C5F4152DFC69C7 /* Pods-vkCustomClient.release.xcconfig */ = {isa = PBXFileReference; includeInIndex = 1; lastKnownFileType = text.xcconfig; name = "Pods-vkCustomClient.release.xcconfig"; path = "Target Support Files/Pods-vkCustomClient/Pods-vkCustomClient.release.xcconfig"; sourceTree = "<group>"; };
/* End PBXFileReference section */

/* Begin PBXFrameworksBuildPhase section */
		ECF906D5268B06C70070E433 /* Frameworks */ = {
			isa = PBXFrameworksBuildPhase;
			buildActionMask = 2147483647;
			files = (
				1FA2EB730B496F66E392572A /* Pods_vkCustomClient.framework in Frameworks */,
			);
			runOnlyForDeploymentPostprocessing = 0;
		};
/* End PBXFrameworksBuildPhase section */

/* Begin PBXGroup section */
		835409091D1B3296B7EB5D01 /* Pods */ = {
			isa = PBXGroup;
			children = (
				BBD6254630F7D0544A695B09 /* Pods-vkCustomClient.debug.xcconfig */,
				FBD92C8DA4C5F4152DFC69C7 /* Pods-vkCustomClient.release.xcconfig */,
			);
			path = Pods;
			sourceTree = "<group>";
		};
		A0C3A23A807F90B58ED06A3B /* Frameworks */ = {
			isa = PBXGroup;
			children = (
				09ABBCFA004A42F40EB67B05 /* Pods_vkCustomClient.framework */,
			);
			name = Frameworks;
			sourceTree = "<group>";
		};
		EC55625A268C57E8004A8CB9 /* Service */ = {
			isa = PBXGroup;
			children = (
				EC55625B268C581D004A8CB9 /* LoginService.swift */,
			);
			path = Service;
			sourceTree = "<group>";
		};
		EC9868DC268C9A360072AE93 /* Service */ = {
			isa = PBXGroup;
			children = (
				EC9868DD268C9A6D0072AE93 /* NewsService.swift */,
			);
			path = Service;
			sourceTree = "<group>";
		};
		EC9868E3268CD8C10072AE93 /* Model */ = {
			isa = PBXGroup;
			children = (
				EC9868E4268CD8CD0072AE93 /* News.swift */,
			);
			path = Model;
			sourceTree = "<group>";
		};
		ECF906CF268B06C70070E433 = {
			isa = PBXGroup;
			children = (
				ECF906DA268B06C70070E433 /* vkCustomClient */,
				ECF906D9268B06C70070E433 /* Products */,
				835409091D1B3296B7EB5D01 /* Pods */,
				A0C3A23A807F90B58ED06A3B /* Frameworks */,
			);
			sourceTree = "<group>";
		};
		ECF906D9268B06C70070E433 /* Products */ = {
			isa = PBXGroup;
			children = (
				ECF906D8268B06C70070E433 /* vkCustomClient.app */,
			);
			name = Products;
			sourceTree = "<group>";
		};
		ECF906DA268B06C70070E433 /* vkCustomClient */ = {
			isa = PBXGroup;
			children = (
				ECF906FB268B278D0070E433 /* Login */,
				ECF906F2268B1C980070E433 /* TabBar */,
				ECF906DB268B06C70070E433 /* AppDelegate.swift */,
				ECF906DD268B06C70070E433 /* SceneDelegate.swift */,
				EC9868DA268C89DC0072AE93 /* Main.storyboard */,
				ECF906E4268B06C90070E433 /* Assets.xcassets */,
				ECF906E6268B06C90070E433 /* LaunchScreen.storyboard */,
				ECF906E9268B06C90070E433 /* Info.plist */,
			);
			path = vkCustomClient;
			sourceTree = "<group>";
		};
		ECF906F2268B1C980070E433 /* TabBar */ = {
			isa = PBXGroup;
			children = (
				ECF906F7268B21310070E433 /* News */,
				ECF906F8268B21400070E433 /* Profile */,
				ECF906F3268B1DF50070E433 /* TabBar.storyboard */,
				ECF906F5268B1E370070E433 /* TabBarViewController.swift */,
			);
			path = TabBar;
			sourceTree = "<group>";
		};
		ECF906F7268B21310070E433 /* News */ = {
			isa = PBXGroup;
			children = (
				EC9868E3268CD8C10072AE93 /* Model */,
				EC9868DC268C9A360072AE93 /* Service */,
				ECF906F9268B21770070E433 /* NewsViewController.swift */,
			);
			path = News;
			sourceTree = "<group>";
		};
		ECF906F8268B21400070E433 /* Profile */ = {
			isa = PBXGroup;
			children = (
			);
			path = Profile;
			sourceTree = "<group>";
		};
		ECF906FB268B278D0070E433 /* Login */ = {
			isa = PBXGroup;
			children = (
				EC55625A268C57E8004A8CB9 /* Service */,
				ECF906DF268B06C70070E433 /* LoginViewController.swift */,
			);
			path = Login;
			sourceTree = "<group>";
		};
/* End PBXGroup section */

/* Begin PBXNativeTarget section */
		ECF906D7268B06C70070E433 /* vkCustomClient */ = {
			isa = PBXNativeTarget;
			buildConfigurationList = ECF906EC268B06C90070E433 /* Build configuration list for PBXNativeTarget "vkCustomClient" */;
			buildPhases = (
				A18BF24A3B3D9850371FA7CA /* [CP] Check Pods Manifest.lock */,
				ECF906D4268B06C70070E433 /* Sources */,
				ECF906D5268B06C70070E433 /* Frameworks */,
				ECF906D6268B06C70070E433 /* Resources */,
				5F083D41A67E4DE1935314ED /* [CP] Embed Pods Frameworks */,
			);
			buildRules = (
			);
			dependencies = (
			);
			name = vkCustomClient;
			productName = vkCustomClient;
			productReference = ECF906D8268B06C70070E433 /* vkCustomClient.app */;
			productType = "com.apple.product-type.application";
		};
/* End PBXNativeTarget section */

/* Begin PBXProject section */
		ECF906D0268B06C70070E433 /* Project object */ = {
			isa = PBXProject;
			attributes = {
				LastSwiftUpdateCheck = 1250;
				LastUpgradeCheck = 1250;
				TargetAttributes = {
					ECF906D7268B06C70070E433 = {
						CreatedOnToolsVersion = 12.5.1;
					};
				};
			};
			buildConfigurationList = ECF906D3268B06C70070E433 /* Build configuration list for PBXProject "vkCustomClient" */;
			compatibilityVersion = "Xcode 9.3";
			developmentRegion = en;
			hasScannedForEncodings = 0;
			knownRegions = (
				en,
				Base,
			);
			mainGroup = ECF906CF268B06C70070E433;
			productRefGroup = ECF906D9268B06C70070E433 /* Products */;
			projectDirPath = "";
			projectRoot = "";
			targets = (
				ECF906D7268B06C70070E433 /* vkCustomClient */,
			);
		};
/* End PBXProject section */

/* Begin PBXResourcesBuildPhase section */
		ECF906D6268B06C70070E433 /* Resources */ = {
			isa = PBXResourcesBuildPhase;
			buildActionMask = 2147483647;
			files = (
				ECF906F4268B1DF50070E433 /* TabBar.storyboard in Resources */,
				ECF906E8268B06C90070E433 /* LaunchScreen.storyboard in Resources */,
				ECF906E5268B06C90070E433 /* Assets.xcassets in Resources */,
				EC9868DB268C89DC0072AE93 /* Main.storyboard in Resources */,
			);
			runOnlyForDeploymentPostprocessing = 0;
		};
/* End PBXResourcesBuildPhase section */

/* Begin PBXShellScriptBuildPhase section */
		5F083D41A67E4DE1935314ED /* [CP] Embed Pods Frameworks */ = {
			isa = PBXShellScriptBuildPhase;
			buildActionMask = 2147483647;
			files = (
			);
			inputFileListPaths = (
				"${PODS_ROOT}/Target Support Files/Pods-vkCustomClient/Pods-vkCustomClient-frameworks-${CONFIGURATION}-input-files.xcfilelist",
			);
			name = "[CP] Embed Pods Frameworks";
			outputFileListPaths = (
				"${PODS_ROOT}/Target Support Files/Pods-vkCustomClient/Pods-vkCustomClient-frameworks-${CONFIGURATION}-output-files.xcfilelist",
			);
			runOnlyForDeploymentPostprocessing = 0;
			shellPath = /bin/sh;
			shellScript = "\"${PODS_ROOT}/Target Support Files/Pods-vkCustomClient/Pods-vkCustomClient-frameworks.sh\"\n";
			showEnvVarsInLog = 0;
		};
		A18BF24A3B3D9850371FA7CA /* [CP] Check Pods Manifest.lock */ = {
			isa = PBXShellScriptBuildPhase;
			buildActionMask = 2147483647;
			files = (
			);
			inputFileListPaths = (
			);
			inputPaths = (
				"${PODS_PODFILE_DIR_PATH}/Podfile.lock",
				"${PODS_ROOT}/Manifest.lock",
			);
			name = "[CP] Check Pods Manifest.lock";
			outputFileListPaths = (
			);
			outputPaths = (
				"$(DERIVED_FILE_DIR)/Pods-vkCustomClient-checkManifestLockResult.txt",
			);
			runOnlyForDeploymentPostprocessing = 0;
			shellPath = /bin/sh;
			shellScript = "diff \"${PODS_PODFILE_DIR_PATH}/Podfile.lock\" \"${PODS_ROOT}/Manifest.lock\" > /dev/null\nif [ $? != 0 ] ; then\n    # print error to STDERR\n    echo \"error: The sandbox is not in sync with the Podfile.lock. Run 'pod install' or update your CocoaPods installation.\" >&2\n    exit 1\nfi\n# This output is used by Xcode 'outputs' to avoid re-running this script phase.\necho \"SUCCESS\" > \"${SCRIPT_OUTPUT_FILE_0}\"\n";
			showEnvVarsInLog = 0;
		};
/* End PBXShellScriptBuildPhase section */

/* Begin PBXSourcesBuildPhase section */
		ECF906D4268B06C70070E433 /* Sources */ = {
			isa = PBXSourcesBuildPhase;
			buildActionMask = 2147483647;
			files = (
				ECF906F6268B1E370070E433 /* TabBarViewController.swift in Sources */,
				EC55625C268C581D004A8CB9 /* LoginService.swift in Sources */,
				EC9868E5268CD8CD0072AE93 /* News.swift in Sources */,
				ECF906E0268B06C70070E433 /* LoginViewController.swift in Sources */,
				EC9868DE268C9A6D0072AE93 /* NewsService.swift in Sources */,
				ECF906DC268B06C70070E433 /* AppDelegate.swift in Sources */,
				ECF906FA268B21770070E433 /* NewsViewController.swift in Sources */,
				ECF906DE268B06C70070E433 /* SceneDelegate.swift in Sources */,
			);
			runOnlyForDeploymentPostprocessing = 0;
		};
/* End PBXSourcesBuildPhase section */

/* Begin PBXVariantGroup section */
		ECF906E6268B06C90070E433 /* LaunchScreen.storyboard */ = {
			isa = PBXVariantGroup;
			children = (
				ECF906E7268B06C90070E433 /* Base */,
			);
			name = LaunchScreen.storyboard;
			sourceTree = "<group>";
		};
/* End PBXVariantGroup section */

/* Begin XCBuildConfiguration section */
		ECF906EA268B06C90070E433 /* Debug */ = {
			isa = XCBuildConfiguration;
			buildSettings = {
				ALWAYS_SEARCH_USER_PATHS = NO;
				CLANG_ANALYZER_NONNULL = YES;
				CLANG_ANALYZER_NUMBER_OBJECT_CONVERSION = YES_AGGRESSIVE;
				CLANG_CXX_LANGUAGE_STANDARD = "gnu++14";
				CLANG_CXX_LIBRARY = "libc++";
				CLANG_ENABLE_MODULES = YES;
				CLANG_ENABLE_OBJC_ARC = YES;
				CLANG_ENABLE_OBJC_WEAK = YES;
				CLANG_WARN_BLOCK_CAPTURE_AUTORELEASING = YES;
				CLANG_WARN_BOOL_CONVERSION = YES;
				CLANG_WARN_COMMA = YES;
				CLANG_WARN_CONSTANT_CONVERSION = YES;
				CLANG_WARN_DEPRECATED_OBJC_IMPLEMENTATIONS = YES;
				CLANG_WARN_DIRECT_OBJC_ISA_USAGE = YES_ERROR;
				CLANG_WARN_DOCUMENTATION_COMMENTS = YES;
				CLANG_WARN_EMPTY_BODY = YES;
				CLANG_WARN_ENUM_CONVERSION = YES;
				CLANG_WARN_INFINITE_RECURSION = YES;
				CLANG_WARN_INT_CONVERSION = YES;
				CLANG_WARN_NON_LITERAL_NULL_CONVERSION = YES;
				CLANG_WARN_OBJC_IMPLICIT_RETAIN_SELF = YES;
				CLANG_WARN_OBJC_LITERAL_CONVERSION = YES;
				CLANG_WARN_OBJC_ROOT_CLASS = YES_ERROR;
				CLANG_WARN_QUOTED_INCLUDE_IN_FRAMEWORK_HEADER = YES;
				CLANG_WARN_RANGE_LOOP_ANALYSIS = YES;
				CLANG_WARN_STRICT_PROTOTYPES = YES;
				CLANG_WARN_SUSPICIOUS_MOVE = YES;
				CLANG_WARN_UNGUARDED_AVAILABILITY = YES_AGGRESSIVE;
				CLANG_WARN_UNREACHABLE_CODE = YES;
				CLANG_WARN__DUPLICATE_METHOD_MATCH = YES;
				COPY_PHASE_STRIP = NO;
				DEBUG_INFORMATION_FORMAT = dwarf;
				ENABLE_STRICT_OBJC_MSGSEND = YES;
				ENABLE_TESTABILITY = YES;
				GCC_C_LANGUAGE_STANDARD = gnu11;
				GCC_DYNAMIC_NO_PIC = NO;
				GCC_NO_COMMON_BLOCKS = YES;
				GCC_OPTIMIZATION_LEVEL = 0;
				GCC_PREPROCESSOR_DEFINITIONS = (
					"DEBUG=1",
					"$(inherited)",
				);
				GCC_WARN_64_TO_32_BIT_CONVERSION = YES;
				GCC_WARN_ABOUT_RETURN_TYPE = YES_ERROR;
				GCC_WARN_UNDECLARED_SELECTOR = YES;
				GCC_WARN_UNINITIALIZED_AUTOS = YES_AGGRESSIVE;
				GCC_WARN_UNUSED_FUNCTION = YES;
				GCC_WARN_UNUSED_VARIABLE = YES;
				IPHONEOS_DEPLOYMENT_TARGET = 10.0;
				MTL_ENABLE_DEBUG_INFO = INCLUDE_SOURCE;
				MTL_FAST_MATH = YES;
				ONLY_ACTIVE_ARCH = YES;
				SDKROOT = iphoneos;
				SWIFT_ACTIVE_COMPILATION_CONDITIONS = DEBUG;
				SWIFT_OPTIMIZATION_LEVEL = "-Onone";
			};
			name = Debug;
		};
		ECF906EB268B06C90070E433 /* Release */ = {
			isa = XCBuildConfiguration;
			buildSettings = {
				ALWAYS_SEARCH_USER_PATHS = NO;
				CLANG_ANALYZER_NONNULL = YES;
				CLANG_ANALYZER_NUMBER_OBJECT_CONVERSION = YES_AGGRESSIVE;
				CLANG_CXX_LANGUAGE_STANDARD = "gnu++14";
				CLANG_CXX_LIBRARY = "libc++";
				CLANG_ENABLE_MODULES = YES;
				CLANG_ENABLE_OBJC_ARC = YES;
				CLANG_ENABLE_OBJC_WEAK = YES;
				CLANG_WARN_BLOCK_CAPTURE_AUTORELEASING = YES;
				CLANG_WARN_BOOL_CONVERSION = YES;
				CLANG_WARN_COMMA = YES;
				CLANG_WARN_CONSTANT_CONVERSION = YES;
				CLANG_WARN_DEPRECATED_OBJC_IMPLEMENTATIONS = YES;
				CLANG_WARN_DIRECT_OBJC_ISA_USAGE = YES_ERROR;
				CLANG_WARN_DOCUMENTATION_COMMENTS = YES;
				CLANG_WARN_EMPTY_BODY = YES;
				CLANG_WARN_ENUM_CONVERSION = YES;
				CLANG_WARN_INFINITE_RECURSION = YES;
				CLANG_WARN_INT_CONVERSION = YES;
				CLANG_WARN_NON_LITERAL_NULL_CONVERSION = YES;
				CLANG_WARN_OBJC_IMPLICIT_RETAIN_SELF = YES;
				CLANG_WARN_OBJC_LITERAL_CONVERSION = YES;
				CLANG_WARN_OBJC_ROOT_CLASS = YES_ERROR;
				CLANG_WARN_QUOTED_INCLUDE_IN_FRAMEWORK_HEADER = YES;
				CLANG_WARN_RANGE_LOOP_ANALYSIS = YES;
				CLANG_WARN_STRICT_PROTOTYPES = YES;
				CLANG_WARN_SUSPICIOUS_MOVE = YES;
				CLANG_WARN_UNGUARDED_AVAILABILITY = YES_AGGRESSIVE;
				CLANG_WARN_UNREACHABLE_CODE = YES;
				CLANG_WARN__DUPLICATE_METHOD_MATCH = YES;
				COPY_PHASE_STRIP = NO;
				DEBUG_INFORMATION_FORMAT = "dwarf-with-dsym";
				ENABLE_NS_ASSERTIONS = NO;
				ENABLE_STRICT_OBJC_MSGSEND = YES;
				GCC_C_LANGUAGE_STANDARD = gnu11;
				GCC_NO_COMMON_BLOCKS = YES;
				GCC_WARN_64_TO_32_BIT_CONVERSION = YES;
				GCC_WARN_ABOUT_RETURN_TYPE = YES_ERROR;
				GCC_WARN_UNDECLARED_SELECTOR = YES;
				GCC_WARN_UNINITIALIZED_AUTOS = YES_AGGRESSIVE;
				GCC_WARN_UNUSED_FUNCTION = YES;
				GCC_WARN_UNUSED_VARIABLE = YES;
				IPHONEOS_DEPLOYMENT_TARGET = 10.0;
				MTL_ENABLE_DEBUG_INFO = NO;
				MTL_FAST_MATH = YES;
				SDKROOT = iphoneos;
				SWIFT_COMPILATION_MODE = wholemodule;
				SWIFT_OPTIMIZATION_LEVEL = "-O";
				VALIDATE_PRODUCT = YES;
			};
			name = Release;
		};
		ECF906ED268B06C90070E433 /* Debug */ = {
			isa = XCBuildConfiguration;
			baseConfigurationReference = BBD6254630F7D0544A695B09 /* Pods-vkCustomClient.debug.xcconfig */;
			buildSettings = {
				ASSETCATALOG_COMPILER_APPICON_NAME = AppIcon;
				ASSETCATALOG_COMPILER_GLOBAL_ACCENT_COLOR_NAME = AccentColor;
				CODE_SIGN_STYLE = Automatic;
				DEVELOPMENT_TEAM = NUMRL3MBS4;
				INFOPLIST_FILE = vkCustomClient/Info.plist;
				IPHONEOS_DEPLOYMENT_TARGET = 13.0;
				LD_RUNPATH_SEARCH_PATHS = (
					"$(inherited)",
					"@executable_path/Frameworks",
				);
				PRODUCT_BUNDLE_IDENTIFIER = "-28.vkCustomClient";
				PRODUCT_NAME = "$(TARGET_NAME)";
				SWIFT_VERSION = 5.0;
				TARGETED_DEVICE_FAMILY = 1;
			};
			name = Debug;
		};
		ECF906EE268B06C90070E433 /* Release */ = {
			isa = XCBuildConfiguration;
			baseConfigurationReference = FBD92C8DA4C5F4152DFC69C7 /* Pods-vkCustomClient.release.xcconfig */;
			buildSettings = {
				ASSETCATALOG_COMPILER_APPICON_NAME = AppIcon;
				ASSETCATALOG_COMPILER_GLOBAL_ACCENT_COLOR_NAME = AccentColor;
				CODE_SIGN_STYLE = Automatic;
				DEVELOPMENT_TEAM = NUMRL3MBS4;
				INFOPLIST_FILE = vkCustomClient/Info.plist;
				IPHONEOS_DEPLOYMENT_TARGET = 13.0;
				LD_RUNPATH_SEARCH_PATHS = (
					"$(inherited)",
					"@executable_path/Frameworks",
				);
				PRODUCT_BUNDLE_IDENTIFIER = "-28.vkCustomClient";
				PRODUCT_NAME = "$(TARGET_NAME)";
				SWIFT_VERSION = 5.0;
				TARGETED_DEVICE_FAMILY = 1;
			};
			name = Release;
		};
/* End XCBuildConfiguration section */

/* Begin XCConfigurationList section */
		ECF906D3268B06C70070E433 /* Build configuration list for PBXProject "vkCustomClient" */ = {
			isa = XCConfigurationList;
			buildConfigurations = (
				ECF906EA268B06C90070E433 /* Debug */,
				ECF906EB268B06C90070E433 /* Release */,
			);
			defaultConfigurationIsVisible = 0;
			defaultConfigurationName = Release;
		};
		ECF906EC268B06C90070E433 /* Build configuration list for PBXNativeTarget "vkCustomClient" */ = {
			isa = XCConfigurationList;
			buildConfigurations = (
				ECF906ED268B06C90070E433 /* Debug */,
				ECF906EE268B06C90070E433 /* Release */,
			);
			defaultConfigurationIsVisible = 0;
			defaultConfigurationName = Release;
		};
/* End XCConfigurationList section */
	};
	rootObject = ECF906D0268B06C70070E433 /* Project object */;
}
